// !$*UTF8*$!
{
	archiveVersion = 1;
	classes = {
	};
	objectVersion = 50;
	objects = {

/* Begin PBXBuildFile section */
		14463DC8208A574B00588811 /* Currency.swift in Sources */ = {isa = PBXBuildFile; fileRef = 14463DC7208A574B00588811 /* Currency.swift */; };
		14463DCA208A66F200588811 /* CustomCell.swift in Sources */ = {isa = PBXBuildFile; fileRef = 14463DC9208A66F200588811 /* CustomCell.swift */; };
		30CAA99DFC0D46B32412794D /* Pods_ExchangeMate.framework in Frameworks */ = {isa = PBXBuildFile; fileRef = 26DB4F42DC03A39F6EA58F9F /* Pods_ExchangeMate.framework */; };
		32535D5B2083EDA200ECB587 /* ConversionViewController.swift in Sources */ = {isa = PBXBuildFile; fileRef = 32535D5A2083EDA200ECB587 /* ConversionViewController.swift */; };
		32535D5F2083EF7B00ECB587 /* CurrenciesViewController.swift in Sources */ = {isa = PBXBuildFile; fileRef = 32535D5E2083EF7B00ECB587 /* CurrenciesViewController.swift */; };
		32541BDE20830356009CF273 /* AppDelegate.swift in Sources */ = {isa = PBXBuildFile; fileRef = 32541BDD20830356009CF273 /* AppDelegate.swift */; };
		32541BE320830356009CF273 /* Main.storyboard in Resources */ = {isa = PBXBuildFile; fileRef = 32541BE120830356009CF273 /* Main.storyboard */; };
		32541BE520830356009CF273 /* Assets.xcassets in Resources */ = {isa = PBXBuildFile; fileRef = 32541BE420830356009CF273 /* Assets.xcassets */; };
		32541BE820830356009CF273 /* LaunchScreen.storyboard in Resources */ = {isa = PBXBuildFile; fileRef = 32541BE620830356009CF273 /* LaunchScreen.storyboard */; };
		32541BF320830357009CF273 /* ExchangeMateTests.swift in Sources */ = {isa = PBXBuildFile; fileRef = 32541BF220830357009CF273 /* ExchangeMateTests.swift */; };
		32541BFE20830357009CF273 /* ExchangeMateUITests.swift in Sources */ = {isa = PBXBuildFile; fileRef = 32541BFD20830357009CF273 /* ExchangeMateUITests.swift */; };
		3255BE9D20863D5A00CF4E4A /* LICENSE.md in Resources */ = {isa = PBXBuildFile; fileRef = 3255BE9C20863D5A00CF4E4A /* LICENSE.md */; };
		3255BE9F20863D6100CF4E4A /* README.md in Resources */ = {isa = PBXBuildFile; fileRef = 3255BE9E20863D6100CF4E4A /* README.md */; };
		47AFB3C7A8EE021161F5E3AB /* Pods_ExchangeMateUITests.framework in Frameworks */ = {isa = PBXBuildFile; fileRef = A6FF6B473A39A99B20948D8E /* Pods_ExchangeMateUITests.framework */; };
		EA3A110531BB7C015A72DCD8 /* Pods_ExchangeMateTests.framework in Frameworks */ = {isa = PBXBuildFile; fileRef = 83A6E9CCE81F0A77E6953A09 /* Pods_ExchangeMateTests.framework */; };
/* End PBXBuildFile section */

/* Begin PBXContainerItemProxy section */
		32541BEF20830357009CF273 /* PBXContainerItemProxy */ = {
			isa = PBXContainerItemProxy;
			containerPortal = 32541BD220830356009CF273 /* Project object */;
			proxyType = 1;
			remoteGlobalIDString = 32541BD920830356009CF273;
			remoteInfo = ExchangeMate;
		};
		32541BFA20830357009CF273 /* PBXContainerItemProxy */ = {
			isa = PBXContainerItemProxy;
			containerPortal = 32541BD220830356009CF273 /* Project object */;
			proxyType = 1;
			remoteGlobalIDString = 32541BD920830356009CF273;
			remoteInfo = ExchangeMate;
		};
/* End PBXContainerItemProxy section */

/* Begin PBXFileReference section */
		14463DC7208A574B00588811 /* Currency.swift */ = {isa = PBXFileReference; lastKnownFileType = sourcecode.swift; path = Currency.swift; sourceTree = "<group>"; };
		14463DC9208A66F200588811 /* CustomCell.swift */ = {isa = PBXFileReference; lastKnownFileType = sourcecode.swift; path = CustomCell.swift; sourceTree = "<group>"; };
		1C661A735C4EAC717AAE1880 /* Pods-ExchangeMateUITests.debug.xcconfig */ = {isa = PBXFileReference; includeInIndex = 1; lastKnownFileType = text.xcconfig; name = "Pods-ExchangeMateUITests.debug.xcconfig"; path = "Pods/Target Support Files/Pods-ExchangeMateUITests/Pods-ExchangeMateUITests.debug.xcconfig"; sourceTree = "<group>"; };
		26DB4F42DC03A39F6EA58F9F /* Pods_ExchangeMate.framework */ = {isa = PBXFileReference; explicitFileType = wrapper.framework; includeInIndex = 0; path = Pods_ExchangeMate.framework; sourceTree = BUILT_PRODUCTS_DIR; };
		299B02904FC37D4FA69A7B08 /* Pods-ExchangeMate.release.xcconfig */ = {isa = PBXFileReference; includeInIndex = 1; lastKnownFileType = text.xcconfig; name = "Pods-ExchangeMate.release.xcconfig"; path = "Pods/Target Support Files/Pods-ExchangeMate/Pods-ExchangeMate.release.xcconfig"; sourceTree = "<group>"; };
		32535D5A2083EDA200ECB587 /* ConversionViewController.swift */ = {isa = PBXFileReference; lastKnownFileType = sourcecode.swift; path = ConversionViewController.swift; sourceTree = "<group>"; };
		32535D5E2083EF7B00ECB587 /* CurrenciesViewController.swift */ = {isa = PBXFileReference; lastKnownFileType = sourcecode.swift; path = CurrenciesViewController.swift; sourceTree = "<group>"; };
		32541BDA20830356009CF273 /* ExchangeMate.app */ = {isa = PBXFileReference; explicitFileType = wrapper.application; includeInIndex = 0; path = ExchangeMate.app; sourceTree = BUILT_PRODUCTS_DIR; };
		32541BDD20830356009CF273 /* AppDelegate.swift */ = {isa = PBXFileReference; lastKnownFileType = sourcecode.swift; path = AppDelegate.swift; sourceTree = "<group>"; };
		32541BE220830356009CF273 /* Base */ = {isa = PBXFileReference; lastKnownFileType = file.storyboard; name = Base; path = Base.lproj/Main.storyboard; sourceTree = "<group>"; };
		32541BE420830356009CF273 /* Assets.xcassets */ = {isa = PBXFileReference; lastKnownFileType = folder.assetcatalog; path = Assets.xcassets; sourceTree = "<group>"; };
		32541BE720830356009CF273 /* Base */ = {isa = PBXFileReference; lastKnownFileType = file.storyboard; name = Base; path = Base.lproj/LaunchScreen.storyboard; sourceTree = "<group>"; };
		32541BE920830356009CF273 /* Info.plist */ = {isa = PBXFileReference; lastKnownFileType = text.plist.xml; path = Info.plist; sourceTree = "<group>"; };
		32541BEE20830357009CF273 /* ExchangeMateTests.xctest */ = {isa = PBXFileReference; explicitFileType = wrapper.cfbundle; includeInIndex = 0; path = ExchangeMateTests.xctest; sourceTree = BUILT_PRODUCTS_DIR; };
		32541BF220830357009CF273 /* ExchangeMateTests.swift */ = {isa = PBXFileReference; lastKnownFileType = sourcecode.swift; path = ExchangeMateTests.swift; sourceTree = "<group>"; };
		32541BF420830357009CF273 /* Info.plist */ = {isa = PBXFileReference; lastKnownFileType = text.plist.xml; path = Info.plist; sourceTree = "<group>"; };
		32541BF920830357009CF273 /* ExchangeMateUITests.xctest */ = {isa = PBXFileReference; explicitFileType = wrapper.cfbundle; includeInIndex = 0; path = ExchangeMateUITests.xctest; sourceTree = BUILT_PRODUCTS_DIR; };
		32541BFD20830357009CF273 /* ExchangeMateUITests.swift */ = {isa = PBXFileReference; lastKnownFileType = sourcecode.swift; path = ExchangeMateUITests.swift; sourceTree = "<group>"; };
		32541BFF20830357009CF273 /* Info.plist */ = {isa = PBXFileReference; lastKnownFileType = text.plist.xml; path = Info.plist; sourceTree = "<group>"; };
		3255BE9C20863D5A00CF4E4A /* LICENSE.md */ = {isa = PBXFileReference; fileEncoding = 4; lastKnownFileType = net.daringfireball.markdown; path = LICENSE.md; sourceTree = "<group>"; };
		3255BE9E20863D6100CF4E4A /* README.md */ = {isa = PBXFileReference; fileEncoding = 4; lastKnownFileType = net.daringfireball.markdown; path = README.md; sourceTree = "<group>"; };
		36843A57DCE927F0B89CBB4B /* Pods-ExchangeMateUITests.release.xcconfig */ = {isa = PBXFileReference; includeInIndex = 1; lastKnownFileType = text.xcconfig; name = "Pods-ExchangeMateUITests.release.xcconfig"; path = "Pods/Target Support Files/Pods-ExchangeMateUITests/Pods-ExchangeMateUITests.release.xcconfig"; sourceTree = "<group>"; };
		83A6E9CCE81F0A77E6953A09 /* Pods_ExchangeMateTests.framework */ = {isa = PBXFileReference; explicitFileType = wrapper.framework; includeInIndex = 0; path = Pods_ExchangeMateTests.framework; sourceTree = BUILT_PRODUCTS_DIR; };
		A6FF6B473A39A99B20948D8E /* Pods_ExchangeMateUITests.framework */ = {isa = PBXFileReference; explicitFileType = wrapper.framework; includeInIndex = 0; path = Pods_ExchangeMateUITests.framework; sourceTree = BUILT_PRODUCTS_DIR; };
		AFAEF9AD54994E67FC0EA5AA /* Pods-ExchangeMateTests.debug.xcconfig */ = {isa = PBXFileReference; includeInIndex = 1; lastKnownFileType = text.xcconfig; name = "Pods-ExchangeMateTests.debug.xcconfig"; path = "Pods/Target Support Files/Pods-ExchangeMateTests/Pods-ExchangeMateTests.debug.xcconfig"; sourceTree = "<group>"; };
		C7C0D499848B6A018E2DB3BE /* Pods-ExchangeMate.debug.xcconfig */ = {isa = PBXFileReference; includeInIndex = 1; lastKnownFileType = text.xcconfig; name = "Pods-ExchangeMate.debug.xcconfig"; path = "Pods/Target Support Files/Pods-ExchangeMate/Pods-ExchangeMate.debug.xcconfig"; sourceTree = "<group>"; };
		FDD3E62BD639B839DD51E920 /* Pods-ExchangeMateTests.release.xcconfig */ = {isa = PBXFileReference; includeInIndex = 1; lastKnownFileType = text.xcconfig; name = "Pods-ExchangeMateTests.release.xcconfig"; path = "Pods/Target Support Files/Pods-ExchangeMateTests/Pods-ExchangeMateTests.release.xcconfig"; sourceTree = "<group>"; };
/* End PBXFileReference section */

/* Begin PBXFrameworksBuildPhase section */
		32541BD720830356009CF273 /* Frameworks */ = {
			isa = PBXFrameworksBuildPhase;
			buildActionMask = 2147483647;
			files = (
				30CAA99DFC0D46B32412794D /* Pods_ExchangeMate.framework in Frameworks */,
			);
			runOnlyForDeploymentPostprocessing = 0;
		};
		32541BEB20830357009CF273 /* Frameworks */ = {
			isa = PBXFrameworksBuildPhase;
			buildActionMask = 2147483647;
			files = (
				EA3A110531BB7C015A72DCD8 /* Pods_ExchangeMateTests.framework in Frameworks */,
			);
			runOnlyForDeploymentPostprocessing = 0;
		};
		32541BF620830357009CF273 /* Frameworks */ = {
			isa = PBXFrameworksBuildPhase;
			buildActionMask = 2147483647;
			files = (
				47AFB3C7A8EE021161F5E3AB /* Pods_ExchangeMateUITests.framework in Frameworks */,
			);
			runOnlyForDeploymentPostprocessing = 0;
		};
/* End PBXFrameworksBuildPhase section */

/* Begin PBXGroup section */
		143A8FA5208E259300167D70 /* Controllers */ = {
			isa = PBXGroup;
			children = (
				32535D5E2083EF7B00ECB587 /* CurrenciesViewController.swift */,
				32535D5A2083EDA200ECB587 /* ConversionViewController.swift */,
			);
			path = Controllers;
			sourceTree = "<group>";
		};
		143A8FA6208E25B900167D70 /* Models */ = {
			isa = PBXGroup;
			children = (
				14463DC7208A574B00588811 /* Currency.swift */,
			);
			path = Models;
			sourceTree = "<group>";
		};
		143A8FA7208E25CA00167D70 /* Views */ = {
			isa = PBXGroup;
			children = (
				14463DC9208A66F200588811 /* CustomCell.swift */,
			);
			path = Views;
			sourceTree = "<group>";
		};
		32541BD120830356009CF273 = {
			isa = PBXGroup;
			children = (
				3255BE9C20863D5A00CF4E4A /* LICENSE.md */,
				3255BE9E20863D6100CF4E4A /* README.md */,
				32541BDC20830356009CF273 /* ExchangeMate */,
				32541BF120830357009CF273 /* ExchangeMateTests */,
				32541BFC20830357009CF273 /* ExchangeMateUITests */,
				32541BDB20830356009CF273 /* Products */,
				90DCD8F0ADADB667D448C962 /* Pods */,
				F606018D7B95BDF2CAA50144 /* Frameworks */,
			);
			sourceTree = "<group>";
		};
		32541BDB20830356009CF273 /* Products */ = {
			isa = PBXGroup;
			children = (
				32541BDA20830356009CF273 /* ExchangeMate.app */,
				32541BEE20830357009CF273 /* ExchangeMateTests.xctest */,
				32541BF920830357009CF273 /* ExchangeMateUITests.xctest */,
			);
			name = Products;
			sourceTree = "<group>";
		};
		32541BDC20830356009CF273 /* ExchangeMate */ = {
			isa = PBXGroup;
			children = (
				143A8FA6208E25B900167D70 /* Models */,
				143A8FA7208E25CA00167D70 /* Views */,
				143A8FA5208E259300167D70 /* Controllers */,
				32541BDD20830356009CF273 /* AppDelegate.swift */,
				32541BE620830356009CF273 /* LaunchScreen.storyboard */,
				32541BE120830356009CF273 /* Main.storyboard */,
				32541BE420830356009CF273 /* Assets.xcassets */,
				32541BE920830356009CF273 /* Info.plist */,
			);
			path = ExchangeMate;
			sourceTree = "<group>";
		};
		32541BF120830357009CF273 /* ExchangeMateTests */ = {
			isa = PBXGroup;
			children = (
				32541BF220830357009CF273 /* ExchangeMateTests.swift */,
				32541BF420830357009CF273 /* Info.plist */,
			);
			path = ExchangeMateTests;
			sourceTree = "<group>";
		};
		32541BFC20830357009CF273 /* ExchangeMateUITests */ = {
			isa = PBXGroup;
			children = (
				32541BFD20830357009CF273 /* ExchangeMateUITests.swift */,
				32541BFF20830357009CF273 /* Info.plist */,
			);
			path = ExchangeMateUITests;
			sourceTree = "<group>";
		};
		90DCD8F0ADADB667D448C962 /* Pods */ = {
			isa = PBXGroup;
			children = (
				C7C0D499848B6A018E2DB3BE /* Pods-ExchangeMate.debug.xcconfig */,
				299B02904FC37D4FA69A7B08 /* Pods-ExchangeMate.release.xcconfig */,
				AFAEF9AD54994E67FC0EA5AA /* Pods-ExchangeMateTests.debug.xcconfig */,
				FDD3E62BD639B839DD51E920 /* Pods-ExchangeMateTests.release.xcconfig */,
				1C661A735C4EAC717AAE1880 /* Pods-ExchangeMateUITests.debug.xcconfig */,
				36843A57DCE927F0B89CBB4B /* Pods-ExchangeMateUITests.release.xcconfig */,
			);
			name = Pods;
			sourceTree = "<group>";
		};
		F606018D7B95BDF2CAA50144 /* Frameworks */ = {
			isa = PBXGroup;
			children = (
				26DB4F42DC03A39F6EA58F9F /* Pods_ExchangeMate.framework */,
				83A6E9CCE81F0A77E6953A09 /* Pods_ExchangeMateTests.framework */,
				A6FF6B473A39A99B20948D8E /* Pods_ExchangeMateUITests.framework */,
			);
			name = Frameworks;
			sourceTree = "<group>";
		};
/* End PBXGroup section */

/* Begin PBXNativeTarget section */
		32541BD920830356009CF273 /* ExchangeMate */ = {
			isa = PBXNativeTarget;
			buildConfigurationList = 32541C0220830357009CF273 /* Build configuration list for PBXNativeTarget "ExchangeMate" */;
			buildPhases = (
				6EB8E081109D307E986022B5 /* [CP] Check Pods Manifest.lock */,
				32541BD620830356009CF273 /* Sources */,
				32541BD720830356009CF273 /* Frameworks */,
				32541BD820830356009CF273 /* Resources */,
				772B9F063E77A3BF9059390D /* [CP] Embed Pods Frameworks */,
			);
			buildRules = (
			);
			dependencies = (
			);
			name = ExchangeMate;
			productName = ExchangeMate;
			productReference = 32541BDA20830356009CF273 /* ExchangeMate.app */;
			productType = "com.apple.product-type.application";
		};
		32541BED20830357009CF273 /* ExchangeMateTests */ = {
			isa = PBXNativeTarget;
			buildConfigurationList = 32541C0520830357009CF273 /* Build configuration list for PBXNativeTarget "ExchangeMateTests" */;
			buildPhases = (
				298AA70410ECBEC31115EA6E /* [CP] Check Pods Manifest.lock */,
				32541BEA20830357009CF273 /* Sources */,
				32541BEB20830357009CF273 /* Frameworks */,
				32541BEC20830357009CF273 /* Resources */,
			);
			buildRules = (
			);
			dependencies = (
				32541BF020830357009CF273 /* PBXTargetDependency */,
			);
			name = ExchangeMateTests;
			productName = ExchangeMateTests;
			productReference = 32541BEE20830357009CF273 /* ExchangeMateTests.xctest */;
			productType = "com.apple.product-type.bundle.unit-test";
		};
		32541BF820830357009CF273 /* ExchangeMateUITests */ = {
			isa = PBXNativeTarget;
			buildConfigurationList = 32541C0820830357009CF273 /* Build configuration list for PBXNativeTarget "ExchangeMateUITests" */;
			buildPhases = (
				C70E382505E6B96508B7BAB3 /* [CP] Check Pods Manifest.lock */,
				32541BF520830357009CF273 /* Sources */,
				32541BF620830357009CF273 /* Frameworks */,
				32541BF720830357009CF273 /* Resources */,
			);
			buildRules = (
			);
			dependencies = (
				32541BFB20830357009CF273 /* PBXTargetDependency */,
			);
			name = ExchangeMateUITests;
			productName = ExchangeMateUITests;
			productReference = 32541BF920830357009CF273 /* ExchangeMateUITests.xctest */;
			productType = "com.apple.product-type.bundle.ui-testing";
		};
/* End PBXNativeTarget section */

/* Begin PBXProject section */
		32541BD220830356009CF273 /* Project object */ = {
			isa = PBXProject;
			attributes = {
				LastSwiftUpdateCheck = 0930;
				LastUpgradeCheck = 0930;
				ORGANIZATIONNAME = "Ross Maniaci";
				TargetAttributes = {
					32541BD920830356009CF273 = {
						CreatedOnToolsVersion = 9.3;
						LastSwiftMigration = 1020;
					};
					32541BED20830357009CF273 = {
						CreatedOnToolsVersion = 9.3;
						LastSwiftMigration = 1020;
						TestTargetID = 32541BD920830356009CF273;
					};
					32541BF820830357009CF273 = {
						CreatedOnToolsVersion = 9.3;
						LastSwiftMigration = 1020;
						TestTargetID = 32541BD920830356009CF273;
					};
				};
			};
			buildConfigurationList = 32541BD520830356009CF273 /* Build configuration list for PBXProject "ExchangeMate" */;
			compatibilityVersion = "Xcode 9.3";
			developmentRegion = en;
			hasScannedForEncodings = 0;
			knownRegions = (
				en,
				Base,
			);
			mainGroup = 32541BD120830356009CF273;
			productRefGroup = 32541BDB20830356009CF273 /* Products */;
			projectDirPath = "";
			projectRoot = "";
			targets = (
				32541BD920830356009CF273 /* ExchangeMate */,
				32541BED20830357009CF273 /* ExchangeMateTests */,
				32541BF820830357009CF273 /* ExchangeMateUITests */,
			);
		};
/* End PBXProject section */

/* Begin PBXResourcesBuildPhase section */
		32541BD820830356009CF273 /* Resources */ = {
			isa = PBXResourcesBuildPhase;
			buildActionMask = 2147483647;
			files = (
				3255BE9D20863D5A00CF4E4A /* LICENSE.md in Resources */,
				32541BE820830356009CF273 /* LaunchScreen.storyboard in Resources */,
				3255BE9F20863D6100CF4E4A /* README.md in Resources */,
				32541BE520830356009CF273 /* Assets.xcassets in Resources */,
				32541BE320830356009CF273 /* Main.storyboard in Resources */,
			);
			runOnlyForDeploymentPostprocessing = 0;
		};
		32541BEC20830357009CF273 /* Resources */ = {
			isa = PBXResourcesBuildPhase;
			buildActionMask = 2147483647;
			files = (
			);
			runOnlyForDeploymentPostprocessing = 0;
		};
		32541BF720830357009CF273 /* Resources */ = {
			isa = PBXResourcesBuildPhase;
			buildActionMask = 2147483647;
			files = (
			);
			runOnlyForDeploymentPostprocessing = 0;
		};
/* End PBXResourcesBuildPhase section */

/* Begin PBXShellScriptBuildPhase section */
		298AA70410ECBEC31115EA6E /* [CP] Check Pods Manifest.lock */ = {
			isa = PBXShellScriptBuildPhase;
			buildActionMask = 2147483647;
			files = (
			);
			inputPaths = (
				"${PODS_PODFILE_DIR_PATH}/Podfile.lock",
				"${PODS_ROOT}/Manifest.lock",
			);
			name = "[CP] Check Pods Manifest.lock";
			outputPaths = (
				"$(DERIVED_FILE_DIR)/Pods-ExchangeMateTests-checkManifestLockResult.txt",
			);
			runOnlyForDeploymentPostprocessing = 0;
			shellPath = /bin/sh;
			shellScript = "diff \"${PODS_PODFILE_DIR_PATH}/Podfile.lock\" \"${PODS_ROOT}/Manifest.lock\" > /dev/null\nif [ $? != 0 ] ; then\n    # print error to STDERR\n    echo \"error: The sandbox is not in sync with the Podfile.lock. Run 'pod install' or update your CocoaPods installation.\" >&2\n    exit 1\nfi\n# This output is used by Xcode 'outputs' to avoid re-running this script phase.\necho \"SUCCESS\" > \"${SCRIPT_OUTPUT_FILE_0}\"\n";
			showEnvVarsInLog = 0;
		};
		6EB8E081109D307E986022B5 /* [CP] Check Pods Manifest.lock */ = {
			isa = PBXShellScriptBuildPhase;
			buildActionMask = 2147483647;
			files = (
			);
			inputPaths = (
				"${PODS_PODFILE_DIR_PATH}/Podfile.lock",
				"${PODS_ROOT}/Manifest.lock",
			);
			name = "[CP] Check Pods Manifest.lock";
			outputPaths = (
				"$(DERIVED_FILE_DIR)/Pods-ExchangeMate-checkManifestLockResult.txt",
			);
			runOnlyForDeploymentPostprocessing = 0;
			shellPath = /bin/sh;
			shellScript = "diff \"${PODS_PODFILE_DIR_PATH}/Podfile.lock\" \"${PODS_ROOT}/Manifest.lock\" > /dev/null\nif [ $? != 0 ] ; then\n    # print error to STDERR\n    echo \"error: The sandbox is not in sync with the Podfile.lock. Run 'pod install' or update your CocoaPods installation.\" >&2\n    exit 1\nfi\n# This output is used by Xcode 'outputs' to avoid re-running this script phase.\necho \"SUCCESS\" > \"${SCRIPT_OUTPUT_FILE_0}\"\n";
			showEnvVarsInLog = 0;
		};
		772B9F063E77A3BF9059390D /* [CP] Embed Pods Frameworks */ = {
			isa = PBXShellScriptBuildPhase;
			buildActionMask = 2147483647;
			files = (
			);
			inputPaths = (
				"${SRCROOT}/Pods/Target Support Files/Pods-ExchangeMate/Pods-ExchangeMate-frameworks.sh",
				"${BUILT_PRODUCTS_DIR}/Alamofire/Alamofire.framework",
				"${BUILT_PRODUCTS_DIR}/SwiftyJSON/SwiftyJSON.framework",
			);
			name = "[CP] Embed Pods Frameworks";
			outputPaths = (
				"${TARGET_BUILD_DIR}/${FRAMEWORKS_FOLDER_PATH}/Alamofire.framework",
				"${TARGET_BUILD_DIR}/${FRAMEWORKS_FOLDER_PATH}/SwiftyJSON.framework",
			);
			runOnlyForDeploymentPostprocessing = 0;
			shellPath = /bin/sh;
			shellScript = "\"${SRCROOT}/Pods/Target Support Files/Pods-ExchangeMate/Pods-ExchangeMate-frameworks.sh\"\n";
			showEnvVarsInLog = 0;
		};
		C70E382505E6B96508B7BAB3 /* [CP] Check Pods Manifest.lock */ = {
			isa = PBXShellScriptBuildPhase;
			buildActionMask = 2147483647;
			files = (
			);
			inputPaths = (
				"${PODS_PODFILE_DIR_PATH}/Podfile.lock",
				"${PODS_ROOT}/Manifest.lock",
			);
			name = "[CP] Check Pods Manifest.lock";
			outputPaths = (
				"$(DERIVED_FILE_DIR)/Pods-ExchangeMateUITests-checkManifestLockResult.txt",
			);
			runOnlyForDeploymentPostprocessing = 0;
			shellPath = /bin/sh;
			shellScript = "diff \"${PODS_PODFILE_DIR_PATH}/Podfile.lock\" \"${PODS_ROOT}/Manifest.lock\" > /dev/null\nif [ $? != 0 ] ; then\n    # print error to STDERR\n    echo \"error: The sandbox is not in sync with the Podfile.lock. Run 'pod install' or update your CocoaPods installation.\" >&2\n    exit 1\nfi\n# This output is used by Xcode 'outputs' to avoid re-running this script phase.\necho \"SUCCESS\" > \"${SCRIPT_OUTPUT_FILE_0}\"\n";
			showEnvVarsInLog = 0;
		};
/* End PBXShellScriptBuildPhase section */

/* Begin PBXSourcesBuildPhase section */
		32541BD620830356009CF273 /* Sources */ = {
			isa = PBXSourcesBuildPhase;
			buildActionMask = 2147483647;
			files = (
				14463DC8208A574B00588811 /* Currency.swift in Sources */,
				32535D5F2083EF7B00ECB587 /* CurrenciesViewController.swift in Sources */,
				14463DCA208A66F200588811 /* CustomCell.swift in Sources */,
				32541BDE20830356009CF273 /* AppDelegate.swift in Sources */,
				32535D5B2083EDA200ECB587 /* ConversionViewController.swift in Sources */,
			);
			runOnlyForDeploymentPostprocessing = 0;
		};
		32541BEA20830357009CF273 /* Sources */ = {
			isa = PBXSourcesBuildPhase;
			buildActionMask = 2147483647;
			files = (
				32541BF320830357009CF273 /* ExchangeMateTests.swift in Sources */,
			);
			runOnlyForDeploymentPostprocessing = 0;
		};
		32541BF520830357009CF273 /* Sources */ = {
			isa = PBXSourcesBuildPhase;
			buildActionMask = 2147483647;
			files = (
				32541BFE20830357009CF273 /* ExchangeMateUITests.swift in Sources */,
			);
			runOnlyForDeploymentPostprocessing = 0;
		};
/* End PBXSourcesBuildPhase section */

/* Begin PBXTargetDependency section */
		32541BF020830357009CF273 /* PBXTargetDependency */ = {
			isa = PBXTargetDependency;
			target = 32541BD920830356009CF273 /* ExchangeMate */;
			targetProxy = 32541BEF20830357009CF273 /* PBXContainerItemProxy */;
		};
		32541BFB20830357009CF273 /* PBXTargetDependency */ = {
			isa = PBXTargetDependency;
			target = 32541BD920830356009CF273 /* ExchangeMate */;
			targetProxy = 32541BFA20830357009CF273 /* PBXContainerItemProxy */;
		};
/* End PBXTargetDependency section */

/* Begin PBXVariantGroup section */
		32541BE120830356009CF273 /* Main.storyboard */ = {
			isa = PBXVariantGroup;
			children = (
				32541BE220830356009CF273 /* Base */,
			);
			name = Main.storyboard;
			sourceTree = "<group>";
		};
		32541BE620830356009CF273 /* LaunchScreen.storyboard */ = {
			isa = PBXVariantGroup;
			children = (
				32541BE720830356009CF273 /* Base */,
			);
			name = LaunchScreen.storyboard;
			sourceTree = "<group>";
		};
/* End PBXVariantGroup section */

/* Begin XCBuildConfiguration section */
		32541C0020830357009CF273 /* Debug */ = {
			isa = XCBuildConfiguration;
			buildSettings = {
				ALWAYS_SEARCH_USER_PATHS = NO;
				CLANG_ANALYZER_NONNULL = YES;
				CLANG_ANALYZER_NUMBER_OBJECT_CONVERSION = YES_AGGRESSIVE;
				CLANG_CXX_LANGUAGE_STANDARD = "gnu++14";
				CLANG_CXX_LIBRARY = "libc++";
				CLANG_ENABLE_MODULES = YES;
				CLANG_ENABLE_OBJC_ARC = YES;
				CLANG_ENABLE_OBJC_WEAK = YES;
				CLANG_WARN_BLOCK_CAPTURE_AUTORELEASING = YES;
				CLANG_WARN_BOOL_CONVERSION = YES;
				CLANG_WARN_COMMA = YES;
				CLANG_WARN_CONSTANT_CONVERSION = YES;
				CLANG_WARN_DEPRECATED_OBJC_IMPLEMENTATIONS = YES;
				CLANG_WARN_DIRECT_OBJC_ISA_USAGE = YES_ERROR;
				CLANG_WARN_DOCUMENTATION_COMMENTS = YES;
				CLANG_WARN_EMPTY_BODY = YES;
				CLANG_WARN_ENUM_CONVERSION = YES;
				CLANG_WARN_INFINITE_RECURSION = YES;
				CLANG_WARN_INT_CONVERSION = YES;
				CLANG_WARN_NON_LITERAL_NULL_CONVERSION = YES;
				CLANG_WARN_OBJC_IMPLICIT_RETAIN_SELF = YES;
				CLANG_WARN_OBJC_LITERAL_CONVERSION = YES;
				CLANG_WARN_OBJC_ROOT_CLASS = YES_ERROR;
				CLANG_WARN_RANGE_LOOP_ANALYSIS = YES;
				CLANG_WARN_STRICT_PROTOTYPES = YES;
				CLANG_WARN_SUSPICIOUS_MOVE = YES;
				CLANG_WARN_UNGUARDED_AVAILABILITY = YES_AGGRESSIVE;
				CLANG_WARN_UNREACHABLE_CODE = YES;
				CLANG_WARN__DUPLICATE_METHOD_MATCH = YES;
				CODE_SIGN_IDENTITY = "iPhone Developer";
				COPY_PHASE_STRIP = NO;
				DEBUG_INFORMATION_FORMAT = dwarf;
				ENABLE_STRICT_OBJC_MSGSEND = YES;
				ENABLE_TESTABILITY = YES;
				GCC_C_LANGUAGE_STANDARD = gnu11;
				GCC_DYNAMIC_NO_PIC = NO;
				GCC_NO_COMMON_BLOCKS = YES;
				GCC_OPTIMIZATION_LEVEL = 0;
				GCC_PREPROCESSOR_DEFINITIONS = (
					"DEBUG=1",
					"$(inherited)",
				);
				GCC_WARN_64_TO_32_BIT_CONVERSION = YES;
				GCC_WARN_ABOUT_RETURN_TYPE = YES_ERROR;
				GCC_WARN_UNDECLARED_SELECTOR = YES;
				GCC_WARN_UNINITIALIZED_AUTOS = YES_AGGRESSIVE;
				GCC_WARN_UNUSED_FUNCTION = YES;
				GCC_WARN_UNUSED_VARIABLE = YES;
				IPHONEOS_DEPLOYMENT_TARGET = 12.2;
				MTL_ENABLE_DEBUG_INFO = YES;
				ONLY_ACTIVE_ARCH = YES;
				SDKROOT = iphoneos;
				SWIFT_ACTIVE_COMPILATION_CONDITIONS = DEBUG;
				SWIFT_OPTIMIZATION_LEVEL = "-Onone";
			};
			name = Debug;
		};
		32541C0120830357009CF273 /* Release */ = {
			isa = XCBuildConfiguration;
			buildSettings = {
				ALWAYS_SEARCH_USER_PATHS = NO;
				CLANG_ANALYZER_NONNULL = YES;
				CLANG_ANALYZER_NUMBER_OBJECT_CONVERSION = YES_AGGRESSIVE;
				CLANG_CXX_LANGUAGE_STANDARD = "gnu++14";
				CLANG_CXX_LIBRARY = "libc++";
				CLANG_ENABLE_MODULES = YES;
				CLANG_ENABLE_OBJC_ARC = YES;
				CLANG_ENABLE_OBJC_WEAK = YES;
				CLANG_WARN_BLOCK_CAPTURE_AUTORELEASING = YES;
				CLANG_WARN_BOOL_CONVERSION = YES;
				CLANG_WARN_COMMA = YES;
				CLANG_WARN_CONSTANT_CONVERSION = YES;
				CLANG_WARN_DEPRECATED_OBJC_IMPLEMENTATIONS = YES;
				CLANG_WARN_DIRECT_OBJC_ISA_USAGE = YES_ERROR;
				CLANG_WARN_DOCUMENTATION_COMMENTS = YES;
				CLANG_WARN_EMPTY_BODY = YES;
				CLANG_WARN_ENUM_CONVERSION = YES;
				CLANG_WARN_INFINITE_RECURSION = YES;
				CLANG_WARN_INT_CONVERSION = YES;
				CLANG_WARN_NON_LITERAL_NULL_CONVERSION = YES;
				CLANG_WARN_OBJC_IMPLICIT_RETAIN_SELF = YES;
				CLANG_WARN_OBJC_LITERAL_CONVERSION = YES;
				CLANG_WARN_OBJC_ROOT_CLASS = YES_ERROR;
				CLANG_WARN_RANGE_LOOP_ANALYSIS = YES;
				CLANG_WARN_STRICT_PROTOTYPES = YES;
				CLANG_WARN_SUSPICIOUS_MOVE = YES;
				CLANG_WARN_UNGUARDED_AVAILABILITY = YES_AGGRESSIVE;
				CLANG_WARN_UNREACHABLE_CODE = YES;
				CLANG_WARN__DUPLICATE_METHOD_MATCH = YES;
				CODE_SIGN_IDENTITY = "iPhone Developer";
				COPY_PHASE_STRIP = NO;
				DEBUG_INFORMATION_FORMAT = "dwarf-with-dsym";
				ENABLE_NS_ASSERTIONS = NO;
				ENABLE_STRICT_OBJC_MSGSEND = YES;
				GCC_C_LANGUAGE_STANDARD = gnu11;
				GCC_NO_COMMON_BLOCKS = YES;
				GCC_WARN_64_TO_32_BIT_CONVERSION = YES;
				GCC_WARN_ABOUT_RETURN_TYPE = YES_ERROR;
				GCC_WARN_UNDECLARED_SELECTOR = YES;
				GCC_WARN_UNINITIALIZED_AUTOS = YES_AGGRESSIVE;
				GCC_WARN_UNUSED_FUNCTION = YES;
				GCC_WARN_UNUSED_VARIABLE = YES;
				IPHONEOS_DEPLOYMENT_TARGET = 12.2;
				MTL_ENABLE_DEBUG_INFO = NO;
				SDKROOT = iphoneos;
				SWIFT_COMPILATION_MODE = wholemodule;
				SWIFT_OPTIMIZATION_LEVEL = "-O";
				VALIDATE_PRODUCT = YES;
			};
			name = Release;
		};
		32541C0320830357009CF273 /* Debug */ = {
			isa = XCBuildConfiguration;
			baseConfigurationReference = C7C0D499848B6A018E2DB3BE /* Pods-ExchangeMate.debug.xcconfig */;
			buildSettings = {
				ASSETCATALOG_COMPILER_APPICON_NAME = AppIcon;
				CODE_SIGN_STYLE = Automatic;
				DEVELOPMENT_TEAM = 97ASU33JJP;
				INFOPLIST_FILE = ExchangeMate/Info.plist;
				LD_RUNPATH_SEARCH_PATHS = (
					"$(inherited)",
					"@executable_path/Frameworks",
				);
				PRODUCT_BUNDLE_IDENTIFIER = com.rmaniaci.ExchangeMate;
				PRODUCT_NAME = "$(TARGET_NAME)";
				SWIFT_VERSION = 5.0;
				TARGETED_DEVICE_FAMILY = 1;
			};
			name = Debug;
		};
		32541C0420830357009CF273 /* Release */ = {
			isa = XCBuildConfiguration;
			baseConfigurationReference = 299B02904FC37D4FA69A7B08 /* Pods-ExchangeMate.release.xcconfig */;
			buildSettings = {
				ASSETCATALOG_COMPILER_APPICON_NAME = AppIcon;
				CODE_SIGN_STYLE = Automatic;
				DEVELOPMENT_TEAM = 97ASU33JJP;
				INFOPLIST_FILE = ExchangeMate/Info.plist;
				LD_RUNPATH_SEARCH_PATHS = (
					"$(inherited)",
					"@executable_path/Frameworks",
				);
				PRODUCT_BUNDLE_IDENTIFIER = com.rmaniaci.ExchangeMate;
				PRODUCT_NAME = "$(TARGET_NAME)";
				SWIFT_VERSION = 5.0;
				TARGETED_DEVICE_FAMILY = 1;
			};
			name = Release;
		};
		32541C0620830357009CF273 /* Debug */ = {
			isa = XCBuildConfiguration;
			baseConfigurationReference = AFAEF9AD54994E67FC0EA5AA /* Pods-ExchangeMateTests.debug.xcconfig */;
			buildSettings = {
				ALWAYS_EMBED_SWIFT_STANDARD_LIBRARIES = YES;
				BUNDLE_LOADER = "$(TEST_HOST)";
				CODE_SIGN_STYLE = Automatic;
				DEVELOPMENT_TEAM = 97ASU33JJP;
				INFOPLIST_FILE = ExchangeMateTests/Info.plist;
				LD_RUNPATH_SEARCH_PATHS = (
					"$(inherited)",
					"@executable_path/Frameworks",
					"@loader_path/Frameworks",
				);
				PRODUCT_BUNDLE_IDENTIFIER = com.rmaniaci.ExchangeMateTests;
				PRODUCT_NAME = "$(TARGET_NAME)";
				SWIFT_VERSION = 5.0;
				TARGETED_DEVICE_FAMILY = "1,2";
				TEST_HOST = "$(BUILT_PRODUCTS_DIR)/ExchangeMate.app/ExchangeMate";
			};
			name = Debug;
		};
		32541C0720830357009CF273 /* Release */ = {
			isa = XCBuildConfiguration;
			baseConfigurationReference = FDD3E62BD639B839DD51E920 /* Pods-ExchangeMateTests.release.xcconfig */;
			buildSettings = {
				ALWAYS_EMBED_SWIFT_STANDARD_LIBRARIES = YES;
				BUNDLE_LOADER = "$(TEST_HOST)";
				CODE_SIGN_STYLE = Automatic;
				DEVELOPMENT_TEAM = 97ASU33JJP;
				INFOPLIST_FILE = ExchangeMateTests/Info.plist;
				LD_RUNPATH_SEARCH_PATHS = (
					"$(inherited)",
					"@executable_path/Frameworks",
					"@loader_path/Frameworks",
				);
				PRODUCT_BUNDLE_IDENTIFIER = com.rmaniaci.ExchangeMateTests;
				PRODUCT_NAME = "$(TARGET_NAME)";
				SWIFT_VERSION = 5.0;
				TARGETED_DEVICE_FAMILY = "1,2";
				TEST_HOST = "$(BUILT_PRODUCTS_DIR)/ExchangeMate.app/ExchangeMate";
			};
			name = Release;
		};
		32541C0920830357009CF273 /* Debug */ = {
			isa = XCBuildConfiguration;
			baseConfigurationReference = 1C661A735C4EAC717AAE1880 /* Pods-ExchangeMateUITests.debug.xcconfig */;
			buildSettings = {
				ALWAYS_EMBED_SWIFT_STANDARD_LIBRARIES = YES;
				CODE_SIGN_STYLE = Automatic;
				DEVELOPMENT_TEAM = 97ASU33JJP;
				INFOPLIST_FILE = ExchangeMateUITests/Info.plist;
				LD_RUNPATH_SEARCH_PATHS = (
					"$(inherited)",
					"@executable_path/Frameworks",
					"@loader_path/Frameworks",
				);
				PRODUCT_BUNDLE_IDENTIFIER = com.rmaniaci.ExchangeMateUITests;
				PRODUCT_NAME = "$(TARGET_NAME)";
				SWIFT_VERSION = 5.0;
				TARGETED_DEVICE_FAMILY = "1,2";
				TEST_TARGET_NAME = ExchangeMate;
			};
			name = Debug;
		};
		32541C0A20830357009CF273 /* Release */ = {
			isa = XCBuildConfiguration;
			baseConfigurationReference = 36843A57DCE927F0B89CBB4B /* Pods-ExchangeMateUITests.release.xcconfig */;
			buildSettings = {
				ALWAYS_EMBED_SWIFT_STANDARD_LIBRARIES = YES;
				CODE_SIGN_STYLE = Automatic;
				DEVELOPMENT_TEAM = 97ASU33JJP;
				INFOPLIST_FILE = ExchangeMateUITests/Info.plist;
				LD_RUNPATH_SEARCH_PATHS = (
					"$(inherited)",
					"@executable_path/Frameworks",
					"@loader_path/Frameworks",
				);
				PRODUCT_BUNDLE_IDENTIFIER = com.rmaniaci.ExchangeMateUITests;
				PRODUCT_NAME = "$(TARGET_NAME)";
				SWIFT_VERSION = 5.0;
				TARGETED_DEVICE_FAMILY = "1,2";
				TEST_TARGET_NAME = ExchangeMate;
			};
			name = Release;
		};
/* End XCBuildConfiguration section */

/* Begin XCConfigurationList section */
		32541BD520830356009CF273 /* Build configuration list for PBXProject "ExchangeMate" */ = {
			isa = XCConfigurationList;
			buildConfigurations = (
				32541C0020830357009CF273 /* Debug */,
				32541C0120830357009CF273 /* Release */,
			);
			defaultConfigurationIsVisible = 0;
			defaultConfigurationName = Release;
		};
		32541C0220830357009CF273 /* Build configuration list for PBXNativeTarget "ExchangeMate" */ = {
			isa = XCConfigurationList;
			buildConfigurations = (
				32541C0320830357009CF273 /* Debug */,
				32541C0420830357009CF273 /* Release */,
			);
			defaultConfigurationIsVisible = 0;
			defaultConfigurationName = Release;
		};
		32541C0520830357009CF273 /* Build configuration list for PBXNativeTarget "ExchangeMateTests" */ = {
			isa = XCConfigurationList;
			buildConfigurations = (
				32541C0620830357009CF273 /* Debug */,
				32541C0720830357009CF273 /* Release */,
			);
			defaultConfigurationIsVisible = 0;
			defaultConfigurationName = Release;
		};
		32541C0820830357009CF273 /* Build configuration list for PBXNativeTarget "ExchangeMateUITests" */ = {
			isa = XCConfigurationList;
			buildConfigurations = (
				32541C0920830357009CF273 /* Debug */,
				32541C0A20830357009CF273 /* Release */,
			);
			defaultConfigurationIsVisible = 0;
			defaultConfigurationName = Release;
		};
/* End XCConfigurationList section */
	};
	rootObject = 32541BD220830356009CF273 /* Project object */;
}
